
Microsoft Visual Studio Solution File, Format Version 12.00
# Visual Studio 15
VisualStudioVersion = 15.0.28307.852
MinimumVisualStudioVersion = 10.0.40219.1
Project("{9A19103F-16F7-4668-BE54-9A1E7A4F7556}") = "MyVet.Common", "MyVet.Common\MyVet.Common.csproj", "{95CB14AA-A925-4503-8324-9CF06AFC48C5}"
EndProject
Project("{9A19103F-16F7-4668-BE54-9A1E7A4F7556}") = "MyVet.Web", "MyVet.Web\MyVet.Web.csproj", "{3F65961B-61E9-4EA6-9097-0723AAF8859D}"
EndProject
Project("{9A19103F-16F7-4668-BE54-9A1E7A4F7556}") = "MyVet.Prism", "MyVet.Prism\MyVet.Prism\MyVet.Prism.csproj", "{A22A63BC-5496-48D8-8986-7F658B32AF1C}"
EndProject
Project("{FAE04EC0-301F-11D3-BF4B-00C04F79EFBC}") = "MyVet.Prism.Android", "MyVet.Prism\MyVet.Prism.Android\MyVet.Prism.Android.csproj", "{0C01D00B-496E-4FE2-B7D9-41D5FDFE8FBE}"
EndProject
Project("{FAE04EC0-301F-11D3-BF4B-00C04F79EFBC}") = "MyVet.Prism.iOS", "MyVet.Prism\MyVet.Prism.iOS\MyVet.Prism.iOS.csproj", "{6E30BA60-1245-4484-98E8-513D6B18E28E}"
EndProject
Global
	GlobalSection(SolutionConfigurationPlatforms) = preSolution
		Ad-Hoc|Any CPU = Ad-Hoc|Any CPU
		Ad-Hoc|ARM = Ad-Hoc|ARM
		Ad-Hoc|iPhone = Ad-Hoc|iPhone
		Ad-Hoc|iPhoneSimulator = Ad-Hoc|iPhoneSimulator
		Ad-Hoc|x64 = Ad-Hoc|x64
		Ad-Hoc|x86 = Ad-Hoc|x86
		AppStore|Any CPU = AppStore|Any CPU
		AppStore|ARM = AppStore|ARM
		AppStore|iPhone = AppStore|iPhone
		AppStore|iPhoneSimulator = AppStore|iPhoneSimulator
		AppStore|x64 = AppStore|x64
		AppStore|x86 = AppStore|x86
		Debug|Any CPU = Debug|Any CPU
		Debug|ARM = Debug|ARM
		Debug|iPhone = Debug|iPhone
		Debug|iPhoneSimulator = Debug|iPhoneSimulator
		Debug|x64 = Debug|x64
		Debug|x86 = Debug|x86
		Release|Any CPU = Release|Any CPU
		Release|ARM = Release|ARM
		Release|iPhone = Release|iPhone
		Release|iPhoneSimulator = Release|iPhoneSimulator
		Release|x64 = Release|x64
		Release|x86 = Release|x86
	EndGlobalSection
	GlobalSection(ProjectConfigurationPlatforms) = postSolution
		{95CB14AA-A925-4503-8324-9CF06AFC48C5}.Ad-Hoc|Any CPU.ActiveCfg = Release|Any CPU
		{95CB14AA-A925-4503-8324-9CF06AFC48C5}.Ad-Hoc|Any CPU.Build.0 = Release|Any CPU
		{95CB14AA-A925-4503-8324-9CF06AFC48C5}.Ad-Hoc|ARM.ActiveCfg = Release|Any CPU
		{95CB14AA-A925-4503-8324-9CF06AFC48C5}.Ad-Hoc|ARM.Build.0 = Release|Any CPU
		{95CB14AA-A925-4503-8324-9CF06AFC48C5}.Ad-Hoc|iPhone.ActiveCfg = Release|Any CPU
		{95CB14AA-A925-4503-8324-9CF06AFC48C5}.Ad-Hoc|iPhone.Build.0 = Release|Any CPU
		{95CB14AA-A925-4503-8324-9CF06AFC48C5}.Ad-Hoc|iPhoneSimulator.ActiveCfg = Release|Any CPU
		{95CB14AA-A925-4503-8324-9CF06AFC48C5}.Ad-Hoc|iPhoneSimulator.Build.0 = Release|Any CPU
		{95CB14AA-A925-4503-8324-9CF06AFC48C5}.Ad-Hoc|x64.ActiveCfg = Release|Any CPU
		{95CB14AA-A925-4503-8324-9CF06AFC48C5}.Ad-Hoc|x64.Build.0 = Release|Any CPU
		{95CB14AA-A925-4503-8324-9CF06AFC48C5}.Ad-Hoc|x86.ActiveCfg = Release|Any CPU
		{95CB14AA-A925-4503-8324-9CF06AFC48C5}.Ad-Hoc|x86.Build.0 = Release|Any CPU
		{95CB14AA-A925-4503-8324-9CF06AFC48C5}.AppStore|Any CPU.ActiveCfg = Release|Any CPU
		{95CB14AA-A925-4503-8324-9CF06AFC48C5}.AppStore|Any CPU.Build.0 = Release|Any CPU
		{95CB14AA-A925-4503-8324-9CF06AFC48C5}.AppStore|ARM.ActiveCfg = Release|Any CPU
		{95CB14AA-A925-4503-8324-9CF06AFC48C5}.AppStore|ARM.Build.0 = Release|Any CPU
		{95CB14AA-A925-4503-8324-9CF06AFC48C5}.AppStore|iPhone.ActiveCfg = Release|Any CPU
		{95CB14AA-A925-4503-8324-9CF06AFC48C5}.AppStore|iPhone.Build.0 = Release|Any CPU
		{95CB14AA-A925-4503-8324-9CF06AFC48C5}.AppStore|iPhoneSimulator.ActiveCfg = Release|Any CPU
		{95CB14AA-A925-4503-8324-9CF06AFC48C5}.AppStore|iPhoneSimulator.Build.0 = Release|Any CPU
		{95CB14AA-A925-4503-8324-9CF06AFC48C5}.AppStore|x64.ActiveCfg = Release|Any CPU
		{95CB14AA-A925-4503-8324-9CF06AFC48C5}.AppStore|x64.Build.0 = Release|Any CPU
		{95CB14AA-A925-4503-8324-9CF06AFC48C5}.AppStore|x86.ActiveCfg = Release|Any CPU
		{95CB14AA-A925-4503-8324-9CF06AFC48C5}.AppStore|x86.Build.0 = Release|Any CPU
		{95CB14AA-A925-4503-8324-9CF06AFC48C5}.Debug|Any CPU.ActiveCfg = Debug|Any CPU
		{95CB14AA-A925-4503-8324-9CF06AFC48C5}.Debug|Any CPU.Build.0 = Debug|Any CPU
		{95CB14AA-A925-4503-8324-9CF06AFC48C5}.Debug|ARM.ActiveCfg = Debug|Any CPU
		{95CB14AA-A925-4503-8324-9CF06AFC48C5}.Debug|ARM.Build.0 = Debug|Any CPU
		{95CB14AA-A925-4503-8324-9CF06AFC48C5}.Debug|iPhone.ActiveCfg = Debug|Any CPU
		{95CB14AA-A925-4503-8324-9CF06AFC48C5}.Debug|iPhone.Build.0 = Debug|Any CPU
		{95CB14AA-A925-4503-8324-9CF06AFC48C5}.Debug|iPhoneSimulator.ActiveCfg = Debug|Any CPU
		{95CB14AA-A925-4503-8324-9CF06AFC48C5}.Debug|iPhoneSimulator.Build.0 = Debug|Any CPU
		{95CB14AA-A925-4503-8324-9CF06AFC48C5}.Debug|x64.ActiveCfg = Debug|Any CPU
		{95CB14AA-A925-4503-8324-9CF06AFC48C5}.Debug|x64.Build.0 = Debug|Any CPU
		{95CB14AA-A925-4503-8324-9CF06AFC48C5}.Debug|x86.ActiveCfg = Debug|Any CPU
		{95CB14AA-A925-4503-8324-9CF06AFC48C5}.Debug|x86.Build.0 = Debug|Any CPU
		{95CB14AA-A925-4503-8324-9CF06AFC48C5}.Release|Any CPU.ActiveCfg = Release|Any CPU
		{95CB14AA-A925-4503-8324-9CF06AFC48C5}.Release|Any CPU.Build.0 = Release|Any CPU
		{95CB14AA-A925-4503-8324-9CF06AFC48C5}.Release|ARM.ActiveCfg = Release|Any CPU
		{95CB14AA-A925-4503-8324-9CF06AFC48C5}.Release|ARM.Build.0 = Release|Any CPU
		{95CB14AA-A925-4503-8324-9CF06AFC48C5}.Release|iPhone.ActiveCfg = Release|Any CPU
		{95CB14AA-A925-4503-8324-9CF06AFC48C5}.Release|iPhone.Build.0 = Release|Any CPU
		{95CB14AA-A925-4503-8324-9CF06AFC48C5}.Release|iPhoneSimulator.ActiveCfg = Release|Any CPU
		{95CB14AA-A925-4503-8324-9CF06AFC48C5}.Release|iPhoneSimulator.Build.0 = Release|Any CPU
		{95CB14AA-A925-4503-8324-9CF06AFC48C5}.Release|x64.ActiveCfg = Release|Any CPU
		{95CB14AA-A925-4503-8324-9CF06AFC48C5}.Release|x64.Build.0 = Release|Any CPU
		{95CB14AA-A925-4503-8324-9CF06AFC48C5}.Release|x86.ActiveCfg = Release|Any CPU
		{95CB14AA-A925-4503-8324-9CF06AFC48C5}.Release|x86.Build.0 = Release|Any CPU
		{3F65961B-61E9-4EA6-9097-0723AAF8859D}.Ad-Hoc|Any CPU.ActiveCfg = Release|Any CPU
		{3F65961B-61E9-4EA6-9097-0723AAF8859D}.Ad-Hoc|Any CPU.Build.0 = Release|Any CPU
		{3F65961B-61E9-4EA6-9097-0723AAF8859D}.Ad-Hoc|ARM.ActiveCfg = Release|Any CPU
		{3F65961B-61E9-4EA6-9097-0723AAF8859D}.Ad-Hoc|ARM.Build.0 = Release|Any CPU
		{3F65961B-61E9-4EA6-9097-0723AAF8859D}.Ad-Hoc|iPhone.ActiveCfg = Release|Any CPU
		{3F65961B-61E9-4EA6-9097-0723AAF8859D}.Ad-Hoc|iPhone.Build.0 = Release|Any CPU
		{3F65961B-61E9-4EA6-9097-0723AAF8859D}.Ad-Hoc|iPhoneSimulator.ActiveCfg = Release|Any CPU
		{3F65961B-61E9-4EA6-9097-0723AAF8859D}.Ad-Hoc|iPhoneSimulator.Build.0 = Release|Any CPU
		{3F65961B-61E9-4EA6-9097-0723AAF8859D}.Ad-Hoc|x64.ActiveCfg = Release|Any CPU
		{3F65961B-61E9-4EA6-9097-0723AAF8859D}.Ad-Hoc|x64.Build.0 = Release|Any CPU
		{3F65961B-61E9-4EA6-9097-0723AAF8859D}.Ad-Hoc|x86.ActiveCfg = Release|Any CPU
		{3F65961B-61E9-4EA6-9097-0723AAF8859D}.Ad-Hoc|x86.Build.0 = Release|Any CPU
		{3F65961B-61E9-4EA6-9097-0723AAF8859D}.AppStore|Any CPU.ActiveCfg = Release|Any CPU
		{3F65961B-61E9-4EA6-9097-0723AAF8859D}.AppStore|Any CPU.Build.0 = Release|Any CPU
		{3F65961B-61E9-4EA6-9097-0723AAF8859D}.AppStore|ARM.ActiveCfg = Release|Any CPU
		{3F65961B-61E9-4EA6-9097-0723AAF8859D}.AppStore|ARM.Build.0 = Release|Any CPU
		{3F65961B-61E9-4EA6-9097-0723AAF8859D}.AppStore|iPhone.ActiveCfg = Release|Any CPU
		{3F65961B-61E9-4EA6-9097-0723AAF8859D}.AppStore|iPhone.Build.0 = Release|Any CPU
		{3F65961B-61E9-4EA6-9097-0723AAF8859D}.AppStore|iPhoneSimulator.ActiveCfg = Release|Any CPU
		{3F65961B-61E9-4EA6-9097-0723AAF8859D}.AppStore|iPhoneSimulator.Build.0 = Release|Any CPU
		{3F65961B-61E9-4EA6-9097-0723AAF8859D}.AppStore|x64.ActiveCfg = Release|Any CPU
		{3F65961B-61E9-4EA6-9097-0723AAF8859D}.AppStore|x64.Build.0 = Release|Any CPU
		{3F65961B-61E9-4EA6-9097-0723AAF8859D}.AppStore|x86.ActiveCfg = Release|Any CPU
		{3F65961B-61E9-4EA6-9097-0723AAF8859D}.AppStore|x86.Build.0 = Release|Any CPU
		{3F65961B-61E9-4EA6-9097-0723AAF8859D}.Debug|Any CPU.ActiveCfg = Debug|Any CPU
		{3F65961B-61E9-4EA6-9097-0723AAF8859D}.Debug|Any CPU.Build.0 = Debug|Any CPU
		{3F65961B-61E9-4EA6-9097-0723AAF8859D}.Debug|ARM.ActiveCfg = Debug|Any CPU
		{3F65961B-61E9-4EA6-9097-0723AAF8859D}.Debug|ARM.Build.0 = Debug|Any CPU
		{3F65961B-61E9-4EA6-9097-0723AAF8859D}.Debug|iPhone.ActiveCfg = Debug|Any CPU
		{3F65961B-61E9-4EA6-9097-0723AAF8859D}.Debug|iPhone.Build.0 = Debug|Any CPU
		{3F65961B-61E9-4EA6-9097-0723AAF8859D}.Debug|iPhoneSimulator.ActiveCfg = Debug|Any CPU
		{3F65961B-61E9-4EA6-9097-0723AAF8859D}.Debug|iPhoneSimulator.Build.0 = Debug|Any CPU
		{3F65961B-61E9-4EA6-9097-0723AAF8859D}.Debug|x64.ActiveCfg = Debug|Any CPU
		{3F65961B-61E9-4EA6-9097-0723AAF8859D}.Debug|x64.Build.0 = Debug|Any CPU
		{3F65961B-61E9-4EA6-9097-0723AAF8859D}.Debug|x86.ActiveCfg = Debug|Any CPU
		{3F65961B-61E9-4EA6-9097-0723AAF8859D}.Debug|x86.Build.0 = Debug|Any CPU
		{3F65961B-61E9-4EA6-9097-0723AAF8859D}.Release|Any CPU.ActiveCfg = Release|Any CPU
		{3F65961B-61E9-4EA6-9097-0723AAF8859D}.Release|Any CPU.Build.0 = Release|Any CPU
		{3F65961B-61E9-4EA6-9097-0723AAF8859D}.Release|ARM.ActiveCfg = Release|Any CPU
		{3F65961B-61E9-4EA6-9097-0723AAF8859D}.Release|ARM.Build.0 = Release|Any CPU
		{3F65961B-61E9-4EA6-9097-0723AAF8859D}.Release|iPhone.ActiveCfg = Release|Any CPU
		{3F65961B-61E9-4EA6-9097-0723AAF8859D}.Release|iPhone.Build.0 = Release|Any CPU
		{3F65961B-61E9-4EA6-9097-0723AAF8859D}.Release|iPhoneSimulator.ActiveCfg = Release|Any CPU
		{3F65961B-61E9-4EA6-9097-0723AAF8859D}.Release|iPhoneSimulator.Build.0 = Release|Any CPU
		{3F65961B-61E9-4EA6-9097-0723AAF8859D}.Release|x64.ActiveCfg = Release|Any CPU
		{3F65961B-61E9-4EA6-9097-0723AAF8859D}.Release|x64.Build.0 = Release|Any CPU
		{3F65961B-61E9-4EA6-9097-0723AAF8859D}.Release|x86.ActiveCfg = Release|Any CPU
		{3F65961B-61E9-4EA6-9097-0723AAF8859D}.Release|x86.Build.0 = Release|Any CPU
		{A22A63BC-5496-48D8-8986-7F658B32AF1C}.Ad-Hoc|Any CPU.ActiveCfg = Debug|Any CPU
		{A22A63BC-5496-48D8-8986-7F658B32AF1C}.Ad-Hoc|Any CPU.Build.0 = Debug|Any CPU
		{A22A63BC-5496-48D8-8986-7F658B32AF1C}.Ad-Hoc|ARM.ActiveCfg = Debug|Any CPU
		{A22A63BC-5496-48D8-8986-7F658B32AF1C}.Ad-Hoc|ARM.Build.0 = Debug|Any CPU
		{A22A63BC-5496-48D8-8986-7F658B32AF1C}.Ad-Hoc|iPhone.ActiveCfg = Debug|Any CPU
		{A22A63BC-5496-48D8-8986-7F658B32AF1C}.Ad-Hoc|iPhone.Build.0 = Debug|Any CPU
		{A22A63BC-5496-48D8-8986-7F658B32AF1C}.Ad-Hoc|iPhoneSimulator.ActiveCfg = Debug|Any CPU
		{A22A63BC-5496-48D8-8986-7F658B32AF1C}.Ad-Hoc|iPhoneSimulator.Build.0 = Debug|Any CPU
		{A22A63BC-5496-48D8-8986-7F658B32AF1C}.Ad-Hoc|x64.ActiveCfg = Debug|Any CPU
		{A22A63BC-5496-48D8-8986-7F658B32AF1C}.Ad-Hoc|x64.Build.0 = Debug|Any CPU
		{A22A63BC-5496-48D8-8986-7F658B32AF1C}.Ad-Hoc|x86.ActiveCfg = Debug|Any CPU
		{A22A63BC-5496-48D8-8986-7F658B32AF1C}.Ad-Hoc|x86.Build.0 = Debug|Any CPU
		{A22A63BC-5496-48D8-8986-7F658B32AF1C}.AppStore|Any CPU.ActiveCfg = Debug|Any CPU
		{A22A63BC-5496-48D8-8986-7F658B32AF1C}.AppStore|Any CPU.Build.0 = Debug|Any CPU
		{A22A63BC-5496-48D8-8986-7F658B32AF1C}.AppStore|ARM.ActiveCfg = Debug|Any CPU
		{A22A63BC-5496-48D8-8986-7F658B32AF1C}.AppStore|ARM.Build.0 = Debug|Any CPU
		{A22A63BC-5496-48D8-8986-7F658B32AF1C}.AppStore|iPhone.ActiveCfg = Debug|Any CPU
		{A22A63BC-5496-48D8-8986-7F658B32AF1C}.AppStore|iPhone.Build.0 = Debug|Any CPU
		{A22A63BC-5496-48D8-8986-7F658B32AF1C}.AppStore|iPhoneSimulator.ActiveCfg = Debug|Any CPU
		{A22A63BC-5496-48D8-8986-7F658B32AF1C}.AppStore|iPhoneSimulator.Build.0 = Debug|Any CPU
		{A22A63BC-5496-48D8-8986-7F658B32AF1C}.AppStore|x64.ActiveCfg = Debug|Any CPU
		{A22A63BC-5496-48D8-8986-7F658B32AF1C}.AppStore|x64.Build.0 = Debug|Any CPU
		{A22A63BC-5496-48D8-8986-7F658B32AF1C}.AppStore|x86.ActiveCfg = Debug|Any CPU
		{A22A63BC-5496-48D8-8986-7F658B32AF1C}.AppStore|x86.Build.0 = Debug|Any CPU
		{A22A63BC-5496-48D8-8986-7F658B32AF1C}.Debug|Any CPU.ActiveCfg = Debug|Any CPU
		{A22A63BC-5496-48D8-8986-7F658B32AF1C}.Debug|Any CPU.Build.0 = Debug|Any CPU
		{A22A63BC-5496-48D8-8986-7F658B32AF1C}.Debug|ARM.ActiveCfg = Debug|Any CPU
		{A22A63BC-5496-48D8-8986-7F658B32AF1C}.Debug|ARM.Build.0 = Debug|Any CPU
		{A22A63BC-5496-48D8-8986-7F658B32AF1C}.Debug|iPhone.ActiveCfg = Debug|Any CPU
		{A22A63BC-5496-48D8-8986-7F658B32AF1C}.Debug|iPhone.Build.0 = Debug|Any CPU
		{A22A63BC-5496-48D8-8986-7F658B32AF1C}.Debug|iPhoneSimulator.ActiveCfg = Debug|Any CPU
		{A22A63BC-5496-48D8-8986-7F658B32AF1C}.Debug|iPhoneSimulator.Build.0 = Debug|Any CPU
		{A22A63BC-5496-48D8-8986-7F658B32AF1C}.Debug|x64.ActiveCfg = Debug|Any CPU
		{A22A63BC-5496-48D8-8986-7F658B32AF1C}.Debug|x64.Build.0 = Debug|Any CPU
		{A22A63BC-5496-48D8-8986-7F658B32AF1C}.Debug|x86.ActiveCfg = Debug|Any CPU
		{A22A63BC-5496-48D8-8986-7F658B32AF1C}.Debug|x86.Build.0 = Debug|Any CPU
		{A22A63BC-5496-48D8-8986-7F658B32AF1C}.Release|Any CPU.ActiveCfg = Release|Any CPU
		{A22A63BC-5496-48D8-8986-7F658B32AF1C}.Release|Any CPU.Build.0 = Release|Any CPU
		{A22A63BC-5496-48D8-8986-7F658B32AF1C}.Release|ARM.ActiveCfg = Release|Any CPU
		{A22A63BC-5496-48D8-8986-7F658B32AF1C}.Release|ARM.Build.0 = Release|Any CPU
		{A22A63BC-5496-48D8-8986-7F658B32AF1C}.Release|iPhone.ActiveCfg = Release|Any CPU
		{A22A63BC-5496-48D8-8986-7F658B32AF1C}.Release|iPhone.Build.0 = Release|Any CPU
		{A22A63BC-5496-48D8-8986-7F658B32AF1C}.Release|iPhoneSimulator.ActiveCfg = Release|Any CPU
		{A22A63BC-5496-48D8-8986-7F658B32AF1C}.Release|iPhoneSimulator.Build.0 = Release|Any CPU
		{A22A63BC-5496-48D8-8986-7F658B32AF1C}.Release|x64.ActiveCfg = Release|Any CPU
		{A22A63BC-5496-48D8-8986-7F658B32AF1C}.Release|x64.Build.0 = Release|Any CPU
		{A22A63BC-5496-48D8-8986-7F658B32AF1C}.Release|x86.ActiveCfg = Release|Any CPU
		{A22A63BC-5496-48D8-8986-7F658B32AF1C}.Release|x86.Build.0 = Release|Any CPU
		{0C01D00B-496E-4FE2-B7D9-41D5FDFE8FBE}.Ad-Hoc|Any CPU.ActiveCfg = Release|Any CPU
		{0C01D00B-496E-4FE2-B7D9-41D5FDFE8FBE}.Ad-Hoc|Any CPU.Build.0 = Release|Any CPU
		{0C01D00B-496E-4FE2-B7D9-41D5FDFE8FBE}.Ad-Hoc|Any CPU.Deploy.0 = Release|Any CPU
		{0C01D00B-496E-4FE2-B7D9-41D5FDFE8FBE}.Ad-Hoc|ARM.ActiveCfg = Release|Any CPU
		{0C01D00B-496E-4FE2-B7D9-41D5FDFE8FBE}.Ad-Hoc|ARM.Build.0 = Release|Any CPU
		{0C01D00B-496E-4FE2-B7D9-41D5FDFE8FBE}.Ad-Hoc|ARM.Deploy.0 = Release|Any CPU
		{0C01D00B-496E-4FE2-B7D9-41D5FDFE8FBE}.Ad-Hoc|iPhone.ActiveCfg = Release|Any CPU
		{0C01D00B-496E-4FE2-B7D9-41D5FDFE8FBE}.Ad-Hoc|iPhone.Build.0 = Release|Any CPU
		{0C01D00B-496E-4FE2-B7D9-41D5FDFE8FBE}.Ad-Hoc|iPhone.Deploy.0 = Release|Any CPU
		{0C01D00B-496E-4FE2-B7D9-41D5FDFE8FBE}.Ad-Hoc|iPhoneSimulator.ActiveCfg = Release|Any CPU
		{0C01D00B-496E-4FE2-B7D9-41D5FDFE8FBE}.Ad-Hoc|iPhoneSimulator.Build.0 = Release|Any CPU
		{0C01D00B-496E-4FE2-B7D9-41D5FDFE8FBE}.Ad-Hoc|iPhoneSimulator.Deploy.0 = Release|Any CPU
		{0C01D00B-496E-4FE2-B7D9-41D5FDFE8FBE}.Ad-Hoc|x64.ActiveCfg = Release|Any CPU
		{0C01D00B-496E-4FE2-B7D9-41D5FDFE8FBE}.Ad-Hoc|x64.Build.0 = Release|Any CPU
		{0C01D00B-496E-4FE2-B7D9-41D5FDFE8FBE}.Ad-Hoc|x64.Deploy.0 = Release|Any CPU
		{0C01D00B-496E-4FE2-B7D9-41D5FDFE8FBE}.Ad-Hoc|x86.ActiveCfg = Release|Any CPU
		{0C01D00B-496E-4FE2-B7D9-41D5FDFE8FBE}.Ad-Hoc|x86.Build.0 = Release|Any CPU
		{0C01D00B-496E-4FE2-B7D9-41D5FDFE8FBE}.Ad-Hoc|x86.Deploy.0 = Release|Any CPU
		{0C01D00B-496E-4FE2-B7D9-41D5FDFE8FBE}.AppStore|Any CPU.ActiveCfg = Release|Any CPU
		{0C01D00B-496E-4FE2-B7D9-41D5FDFE8FBE}.AppStore|Any CPU.Build.0 = Release|Any CPU
		{0C01D00B-496E-4FE2-B7D9-41D5FDFE8FBE}.AppStore|Any CPU.Deploy.0 = Release|Any CPU
		{0C01D00B-496E-4FE2-B7D9-41D5FDFE8FBE}.AppStore|ARM.ActiveCfg = Release|Any CPU
		{0C01D00B-496E-4FE2-B7D9-41D5FDFE8FBE}.AppStore|ARM.Build.0 = Release|Any CPU
		{0C01D00B-496E-4FE2-B7D9-41D5FDFE8FBE}.AppStore|ARM.Deploy.0 = Release|Any CPU
		{0C01D00B-496E-4FE2-B7D9-41D5FDFE8FBE}.AppStore|iPhone.ActiveCfg = Release|Any CPU
		{0C01D00B-496E-4FE2-B7D9-41D5FDFE8FBE}.AppStore|iPhone.Build.0 = Release|Any CPU
		{0C01D00B-496E-4FE2-B7D9-41D5FDFE8FBE}.AppStore|iPhone.Deploy.0 = Release|Any CPU
		{0C01D00B-496E-4FE2-B7D9-41D5FDFE8FBE}.AppStore|iPhoneSimulator.ActiveCfg = Release|Any CPU
		{0C01D00B-496E-4FE2-B7D9-41D5FDFE8FBE}.AppStore|iPhoneSimulator.Build.0 = Release|Any CPU
		{0C01D00B-496E-4FE2-B7D9-41D5FDFE8FBE}.AppStore|iPhoneSimulator.Deploy.0 = Release|Any CPU
		{0C01D00B-496E-4FE2-B7D9-41D5FDFE8FBE}.AppStore|x64.ActiveCfg = Release|Any CPU
		{0C01D00B-496E-4FE2-B7D9-41D5FDFE8FBE}.AppStore|x64.Build.0 = Release|Any CPU
		{0C01D00B-496E-4FE2-B7D9-41D5FDFE8FBE}.AppStore|x64.Deploy.0 = Release|Any CPU
		{0C01D00B-496E-4FE2-B7D9-41D5FDFE8FBE}.AppStore|x86.ActiveCfg = Release|Any CPU
		{0C01D00B-496E-4FE2-B7D9-41D5FDFE8FBE}.AppStore|x86.Build.0 = Release|Any CPU
		{0C01D00B-496E-4FE2-B7D9-41D5FDFE8FBE}.AppStore|x86.Deploy.0 = Release|Any CPU
		{0C01D00B-496E-4FE2-B7D9-41D5FDFE8FBE}.Debug|Any CPU.ActiveCfg = Debug|Any CPU
		{0C01D00B-496E-4FE2-B7D9-41D5FDFE8FBE}.Debug|Any CPU.Build.0 = Debug|Any CPU
		{0C01D00B-496E-4FE2-B7D9-41D5FDFE8FBE}.Debug|Any CPU.Deploy.0 = Debug|Any CPU
		{0C01D00B-496E-4FE2-B7D9-41D5FDFE8FBE}.Debug|ARM.ActiveCfg = Debug|Any CPU
		{0C01D00B-496E-4FE2-B7D9-41D5FDFE8FBE}.Debug|ARM.Build.0 = Debug|Any CPU
		{0C01D00B-496E-4FE2-B7D9-41D5FDFE8FBE}.Debug|ARM.Deploy.0 = Debug|Any CPU
		{0C01D00B-496E-4FE2-B7D9-41D5FDFE8FBE}.Debug|iPhone.ActiveCfg = Debug|Any CPU
		{0C01D00B-496E-4FE2-B7D9-41D5FDFE8FBE}.Debug|iPhone.Build.0 = Debug|Any CPU
		{0C01D00B-496E-4FE2-B7D9-41D5FDFE8FBE}.Debug|iPhone.Deploy.0 = Debug|Any CPU
		{0C01D00B-496E-4FE2-B7D9-41D5FDFE8FBE}.Debug|iPhoneSimulator.ActiveCfg = Debug|Any CPU
		{0C01D00B-496E-4FE2-B7D9-41D5FDFE8FBE}.Debug|iPhoneSimulator.Build.0 = Debug|Any CPU
		{0C01D00B-496E-4FE2-B7D9-41D5FDFE8FBE}.Debug|iPhoneSimulator.Deploy.0 = Debug|Any CPU
		{0C01D00B-496E-4FE2-B7D9-41D5FDFE8FBE}.Debug|x64.ActiveCfg = Debug|Any CPU
		{0C01D00B-496E-4FE2-B7D9-41D5FDFE8FBE}.Debug|x64.Build.0 = Debug|Any CPU
		{0C01D00B-496E-4FE2-B7D9-41D5FDFE8FBE}.Debug|x64.Deploy.0 = Debug|Any CPU
		{0C01D00B-496E-4FE2-B7D9-41D5FDFE8FBE}.Debug|x86.ActiveCfg = Debug|Any CPU
		{0C01D00B-496E-4FE2-B7D9-41D5FDFE8FBE}.Debug|x86.Build.0 = Debug|Any CPU
		{0C01D00B-496E-4FE2-B7D9-41D5FDFE8FBE}.Debug|x86.Deploy.0 = Debug|Any CPU
		{0C01D00B-496E-4FE2-B7D9-41D5FDFE8FBE}.Release|Any CPU.ActiveCfg = Release|Any CPU
		{0C01D00B-496E-4FE2-B7D9-41D5FDFE8FBE}.Release|Any CPU.Build.0 = Release|Any CPU
		{0C01D00B-496E-4FE2-B7D9-41D5FDFE8FBE}.Release|Any CPU.Deploy.0 = Release|Any CPU
		{0C01D00B-496E-4FE2-B7D9-41D5FDFE8FBE}.Release|ARM.ActiveCfg = Release|Any CPU
		{0C01D00B-496E-4FE2-B7D9-41D5FDFE8FBE}.Release|ARM.Build.0 = Release|Any CPU
		{0C01D00B-496E-4FE2-B7D9-41D5FDFE8FBE}.Release|ARM.Deploy.0 = Release|Any CPU
		{0C01D00B-496E-4FE2-B7D9-41D5FDFE8FBE}.Release|iPhone.ActiveCfg = Release|Any CPU
		{0C01D00B-496E-4FE2-B7D9-41D5FDFE8FBE}.Release|iPhone.Build.0 = Release|Any CPU
		{0C01D00B-496E-4FE2-B7D9-41D5FDFE8FBE}.Release|iPhone.Deploy.0 = Release|Any CPU
		{0C01D00B-496E-4FE2-B7D9-41D5FDFE8FBE}.Release|iPhoneSimulator.ActiveCfg = Release|Any CPU
		{0C01D00B-496E-4FE2-B7D9-41D5FDFE8FBE}.Release|iPhoneSimulator.Build.0 = Release|Any CPU
		{0C01D00B-496E-4FE2-B7D9-41D5FDFE8FBE}.Release|iPhoneSimulator.Deploy.0 = Release|Any CPU
		{0C01D00B-496E-4FE2-B7D9-41D5FDFE8FBE}.Release|x64.ActiveCfg = Release|Any CPU
		{0C01D00B-496E-4FE2-B7D9-41D5FDFE8FBE}.Release|x64.Build.0 = Release|Any CPU
		{0C01D00B-496E-4FE2-B7D9-41D5FDFE8FBE}.Release|x64.Deploy.0 = Release|Any CPU
		{0C01D00B-496E-4FE2-B7D9-41D5FDFE8FBE}.Release|x86.ActiveCfg = Release|Any CPU
		{0C01D00B-496E-4FE2-B7D9-41D5FDFE8FBE}.Release|x86.Build.0 = Release|Any CPU
		{0C01D00B-496E-4FE2-B7D9-41D5FDFE8FBE}.Release|x86.Deploy.0 = Release|Any CPU
		{6E30BA60-1245-4484-98E8-513D6B18E28E}.Ad-Hoc|Any CPU.ActiveCfg = Ad-Hoc|iPhone
		{6E30BA60-1245-4484-98E8-513D6B18E28E}.Ad-Hoc|ARM.ActiveCfg = Ad-Hoc|iPhone
		{6E30BA60-1245-4484-98E8-513D6B18E28E}.Ad-Hoc|iPhone.ActiveCfg = Ad-Hoc|iPhone
		{6E30BA60-1245-4484-98E8-513D6B18E28E}.Ad-Hoc|iPhone.Build.0 = Ad-Hoc|iPhone
		{6E30BA60-1245-4484-98E8-513D6B18E28E}.Ad-Hoc|iPhoneSimulator.ActiveCfg = Ad-Hoc|iPhoneSimulator
		{6E30BA60-1245-4484-98E8-513D6B18E28E}.Ad-Hoc|iPhoneSimulator.Build.0 = Ad-Hoc|iPhoneSimulator
		{6E30BA60-1245-4484-98E8-513D6B18E28E}.Ad-Hoc|x64.ActiveCfg = Ad-Hoc|iPhone
		{6E30BA60-1245-4484-98E8-513D6B18E28E}.Ad-Hoc|x86.ActiveCfg = Ad-Hoc|iPhone
		{6E30BA60-1245-4484-98E8-513D6B18E28E}.AppStore|Any CPU.ActiveCfg = AppStore|iPhone
		{6E30BA60-1245-4484-98E8-513D6B18E28E}.AppStore|ARM.ActiveCfg = AppStore|iPhone
		{6E30BA60-1245-4484-98E8-513D6B18E28E}.AppStore|iPhone.ActiveCfg = AppStore|iPhone
		{6E30BA60-1245-4484-98E8-513D6B18E28E}.AppStore|iPhone.Build.0 = AppStore|iPhone
		{6E30BA60-1245-4484-98E8-513D6B18E28E}.AppStore|iPhoneSimulator.ActiveCfg = AppStore|iPhoneSimulator
		{6E30BA60-1245-4484-98E8-513D6B18E28E}.AppStore|iPhoneSimulator.Build.0 = AppStore|iPhoneSimulator
		{6E30BA60-1245-4484-98E8-513D6B18E28E}.AppStore|x64.ActiveCfg = AppStore|iPhone
		{6E30BA60-1245-4484-98E8-513D6B18E28E}.AppStore|x86.ActiveCfg = AppStore|iPhone
		{6E30BA60-1245-4484-98E8-513D6B18E28E}.Debug|Any CPU.ActiveCfg = Debug|iPhone
		{6E30BA60-1245-4484-98E8-513D6B18E28E}.Debug|ARM.ActiveCfg = Debug|iPhone
		{6E30BA60-1245-4484-98E8-513D6B18E28E}.Debug|iPhone.ActiveCfg = Debug|iPhone
		{6E30BA60-1245-4484-98E8-513D6B18E28E}.Debug|iPhone.Build.0 = Debug|iPhone
		{6E30BA60-1245-4484-98E8-513D6B18E28E}.Debug|iPhoneSimulator.ActiveCfg = Debug|iPhoneSimulator
		{6E30BA60-1245-4484-98E8-513D6B18E28E}.Debug|iPhoneSimulator.Build.0 = Debug|iPhoneSimulator
		{6E30BA60-1245-4484-98E8-513D6B18E28E}.Debug|x64.ActiveCfg = Debug|iPhone
		{6E30BA60-1245-4484-98E8-513D6B18E28E}.Debug|x86.ActiveCfg = Debug|iPhone
		{6E30BA60-1245-4484-98E8-513D6B18E28E}.Release|Any CPU.ActiveCfg = Release|iPhone
		{6E30BA60-1245-4484-98E8-513D6B18E28E}.Release|ARM.ActiveCfg = Release|iPhone
		{6E30BA60-1245-4484-98E8-513D6B18E28E}.Release|iPhone.ActiveCfg = Release|iPhone
		{6E30BA60-1245-4484-98E8-513D6B18E28E}.Release|iPhone.Build.0 = Release|iPhone
		{6E30BA60-1245-4484-98E8-513D6B18E28E}.Release|iPhoneSimulator.ActiveCfg = Release|iPhoneSimulator
		{6E30BA60-1245-4484-98E8-513D6B18E28E}.Release|iPhoneSimulator.Build.0 = Release|iPhoneSimulator
		{6E30BA60-1245-4484-98E8-513D6B18E28E}.Release|x64.ActiveCfg = Release|iPhone
		{6E30BA60-1245-4484-98E8-513D6B18E28E}.Release|x86.ActiveCfg = Release|iPhone
	EndGlobalSection
	GlobalSection(SolutionProperties) = preSolution
		HideSolutionNode = FALSE
	EndGlobalSection
	GlobalSection(ExtensibilityGlobals) = postSolution
		SolutionGuid = {71E6676D-7973-48C6-8C66-48FA23CA7EF7}
	EndGlobalSection
EndGlobal
